// !$*UTF8*$!
{
	archiveVersion = 1;
	classes = {
	};
	objectVersion = 50;
	objects = {

/* Begin PBXBuildFile section */
		04A38B0B252E1E350042FC64 /* NeuronApp.swift in Sources */ = {isa = PBXBuildFile; fileRef = 04A38B0A252E1E350042FC64 /* NeuronApp.swift */; };
		04A38B0F252E1E380042FC64 /* Assets.xcassets in Resources */ = {isa = PBXBuildFile; fileRef = 04A38B0E252E1E380042FC64 /* Assets.xcassets */; };
		04A38B12252E1E380042FC64 /* Preview Assets.xcassets in Resources */ = {isa = PBXBuildFile; fileRef = 04A38B11252E1E380042FC64 /* Preview Assets.xcassets */; };
		04A38B1D252E1E380042FC64 /* NeuronTests.swift in Sources */ = {isa = PBXBuildFile; fileRef = 04A38B1C252E1E380042FC64 /* NeuronTests.swift */; };
		04A38B28252E1E380042FC64 /* NeuronUITests.swift in Sources */ = {isa = PBXBuildFile; fileRef = 04A38B27252E1E380042FC64 /* NeuronUITests.swift */; };
		04A38B3B252E1E910042FC64 /* Neuron.swift in Sources */ = {isa = PBXBuildFile; fileRef = 04A38B3A252E1E910042FC64 /* Neuron.swift */; };
		04A38B3C252E1E910042FC64 /* Neuron.swift in Sources */ = {isa = PBXBuildFile; fileRef = 04A38B3A252E1E910042FC64 /* Neuron.swift */; };
		04A38B3D252E1E910042FC64 /* Neuron.swift in Sources */ = {isa = PBXBuildFile; fileRef = 04A38B3A252E1E910042FC64 /* Neuron.swift */; };
		04A38B49252E20970042FC64 /* TrainSceneIntent.swift in Sources */ = {isa = PBXBuildFile; fileRef = 04A38B46252E20970042FC64 /* TrainSceneIntent.swift */; };
		04A38B4A252E20970042FC64 /* TrainSceneIntent.swift in Sources */ = {isa = PBXBuildFile; fileRef = 04A38B46252E20970042FC64 /* TrainSceneIntent.swift */; };
		04A38B4B252E20970042FC64 /* TrainSceneIntent.swift in Sources */ = {isa = PBXBuildFile; fileRef = 04A38B46252E20970042FC64 /* TrainSceneIntent.swift */; };
		04A38B4C252E20970042FC64 /* TrainSceneView.swift in Sources */ = {isa = PBXBuildFile; fileRef = 04A38B47252E20970042FC64 /* TrainSceneView.swift */; };
		04A38B4D252E20970042FC64 /* TrainSceneView.swift in Sources */ = {isa = PBXBuildFile; fileRef = 04A38B47252E20970042FC64 /* TrainSceneView.swift */; };
		04A38B4E252E20970042FC64 /* TrainSceneView.swift in Sources */ = {isa = PBXBuildFile; fileRef = 04A38B47252E20970042FC64 /* TrainSceneView.swift */; };
		04A38B4F252E20970042FC64 /* TrainSceneModel.swift in Sources */ = {isa = PBXBuildFile; fileRef = 04A38B48252E20970042FC64 /* TrainSceneModel.swift */; };
		04A38B50252E20970042FC64 /* TrainSceneModel.swift in Sources */ = {isa = PBXBuildFile; fileRef = 04A38B48252E20970042FC64 /* TrainSceneModel.swift */; };
		04A38B51252E20970042FC64 /* TrainSceneModel.swift in Sources */ = {isa = PBXBuildFile; fileRef = 04A38B48252E20970042FC64 /* TrainSceneModel.swift */; };
/* End PBXBuildFile section */

/* Begin PBXContainerItemProxy section */
		04A38B19252E1E380042FC64 /* PBXContainerItemProxy */ = {
			isa = PBXContainerItemProxy;
			containerPortal = 04A38AFF252E1E350042FC64 /* Project object */;
			proxyType = 1;
			remoteGlobalIDString = 04A38B06252E1E350042FC64;
			remoteInfo = Neuron;
		};
		04A38B24252E1E380042FC64 /* PBXContainerItemProxy */ = {
			isa = PBXContainerItemProxy;
			containerPortal = 04A38AFF252E1E350042FC64 /* Project object */;
			proxyType = 1;
			remoteGlobalIDString = 04A38B06252E1E350042FC64;
			remoteInfo = Neuron;
		};
/* End PBXContainerItemProxy section */

/* Begin PBXFileReference section */
		04A38B07252E1E350042FC64 /* Neuron.app */ = {isa = PBXFileReference; explicitFileType = wrapper.application; includeInIndex = 0; path = Neuron.app; sourceTree = BUILT_PRODUCTS_DIR; };
		04A38B0A252E1E350042FC64 /* NeuronApp.swift */ = {isa = PBXFileReference; lastKnownFileType = sourcecode.swift; path = NeuronApp.swift; sourceTree = "<group>"; };
		04A38B0E252E1E380042FC64 /* Assets.xcassets */ = {isa = PBXFileReference; lastKnownFileType = folder.assetcatalog; path = Assets.xcassets; sourceTree = "<group>"; };
		04A38B11252E1E380042FC64 /* Preview Assets.xcassets */ = {isa = PBXFileReference; lastKnownFileType = folder.assetcatalog; path = "Preview Assets.xcassets"; sourceTree = "<group>"; };
		04A38B13252E1E380042FC64 /* Info.plist */ = {isa = PBXFileReference; lastKnownFileType = text.plist.xml; path = Info.plist; sourceTree = "<group>"; };
		04A38B18252E1E380042FC64 /* NeuronTests.xctest */ = {isa = PBXFileReference; explicitFileType = wrapper.cfbundle; includeInIndex = 0; path = NeuronTests.xctest; sourceTree = BUILT_PRODUCTS_DIR; };
		04A38B1C252E1E380042FC64 /* NeuronTests.swift */ = {isa = PBXFileReference; lastKnownFileType = sourcecode.swift; path = NeuronTests.swift; sourceTree = "<group>"; };
		04A38B1E252E1E380042FC64 /* Info.plist */ = {isa = PBXFileReference; lastKnownFileType = text.plist.xml; path = Info.plist; sourceTree = "<group>"; };
		04A38B23252E1E380042FC64 /* NeuronUITests.xctest */ = {isa = PBXFileReference; explicitFileType = wrapper.cfbundle; includeInIndex = 0; path = NeuronUITests.xctest; sourceTree = BUILT_PRODUCTS_DIR; };
		04A38B27252E1E380042FC64 /* NeuronUITests.swift */ = {isa = PBXFileReference; lastKnownFileType = sourcecode.swift; path = NeuronUITests.swift; sourceTree = "<group>"; };
		04A38B29252E1E380042FC64 /* Info.plist */ = {isa = PBXFileReference; lastKnownFileType = text.plist.xml; path = Info.plist; sourceTree = "<group>"; };
		04A38B3A252E1E910042FC64 /* Neuron.swift */ = {isa = PBXFileReference; lastKnownFileType = sourcecode.swift; path = Neuron.swift; sourceTree = "<group>"; };
		04A38B46252E20970042FC64 /* TrainSceneIntent.swift */ = {isa = PBXFileReference; lastKnownFileType = sourcecode.swift; path = TrainSceneIntent.swift; sourceTree = "<group>"; };
		04A38B47252E20970042FC64 /* TrainSceneView.swift */ = {isa = PBXFileReference; lastKnownFileType = sourcecode.swift; path = TrainSceneView.swift; sourceTree = "<group>"; };
		04A38B48252E20970042FC64 /* TrainSceneModel.swift */ = {isa = PBXFileReference; lastKnownFileType = sourcecode.swift; path = TrainSceneModel.swift; sourceTree = "<group>"; };
/* End PBXFileReference section */

/* Begin PBXFrameworksBuildPhase section */
		04A38B04252E1E350042FC64 /* Frameworks */ = {
			isa = PBXFrameworksBuildPhase;
			buildActionMask = 2147483647;
			files = (
			);
			runOnlyForDeploymentPostprocessing = 0;
		};
		04A38B15252E1E380042FC64 /* Frameworks */ = {
			isa = PBXFrameworksBuildPhase;
			buildActionMask = 2147483647;
			files = (
			);
			runOnlyForDeploymentPostprocessing = 0;
		};
		04A38B20252E1E380042FC64 /* Frameworks */ = {
			isa = PBXFrameworksBuildPhase;
			buildActionMask = 2147483647;
			files = (
			);
			runOnlyForDeploymentPostprocessing = 0;
		};
/* End PBXFrameworksBuildPhase section */

/* Begin PBXGroup section */
		04A38AFE252E1E350042FC64 = {
			isa = PBXGroup;
			children = (
				04A38B38252E1E5C0042FC64 /* Lib */,
				04A38B09252E1E350042FC64 /* Neuron */,
				04A38B1B252E1E380042FC64 /* NeuronTests */,
				04A38B26252E1E380042FC64 /* NeuronUITests */,
				04A38B08252E1E350042FC64 /* Products */,
			);
			sourceTree = "<group>";
		};
		04A38B08252E1E350042FC64 /* Products */ = {
			isa = PBXGroup;
			children = (
				04A38B07252E1E350042FC64 /* Neuron.app */,
				04A38B18252E1E380042FC64 /* NeuronTests.xctest */,
				04A38B23252E1E380042FC64 /* NeuronUITests.xctest */,
			);
			name = Products;
			sourceTree = "<group>";
		};
		04A38B09252E1E350042FC64 /* Neuron */ = {
			isa = PBXGroup;
			children = (
				04A38B44252E20810042FC64 /* Scenes */,
				04A38B0A252E1E350042FC64 /* NeuronApp.swift */,
				04A38B0E252E1E380042FC64 /* Assets.xcassets */,
				04A38B13252E1E380042FC64 /* Info.plist */,
				04A38B10252E1E380042FC64 /* Preview Content */,
			);
			path = Neuron;
			sourceTree = "<group>";
		};
		04A38B10252E1E380042FC64 /* Preview Content */ = {
			isa = PBXGroup;
			children = (
				04A38B11252E1E380042FC64 /* Preview Assets.xcassets */,
			);
			path = "Preview Content";
			sourceTree = "<group>";
		};
		04A38B1B252E1E380042FC64 /* NeuronTests */ = {
			isa = PBXGroup;
			children = (
				04A38B1C252E1E380042FC64 /* NeuronTests.swift */,
				04A38B1E252E1E380042FC64 /* Info.plist */,
			);
			path = NeuronTests;
			sourceTree = "<group>";
		};
		04A38B26252E1E380042FC64 /* NeuronUITests */ = {
			isa = PBXGroup;
			children = (
				04A38B27252E1E380042FC64 /* NeuronUITests.swift */,
				04A38B29252E1E380042FC64 /* Info.plist */,
			);
			path = NeuronUITests;
			sourceTree = "<group>";
		};
		04A38B38252E1E5C0042FC64 /* Lib */ = {
			isa = PBXGroup;
			children = (
				04A38B39252E1E6C0042FC64 /* Neurons */,
			);
			path = Lib;
			sourceTree = "<group>";
		};
		04A38B39252E1E6C0042FC64 /* Neurons */ = {
			isa = PBXGroup;
			children = (
				04A38B3A252E1E910042FC64 /* Neuron.swift */,
			);
			path = Neurons;
			sourceTree = "<group>";
		};
		04A38B44252E20810042FC64 /* Scenes */ = {
			isa = PBXGroup;
			children = (
				04A38B45252E20860042FC64 /* TrainScene */,
			);
			path = Scenes;
			sourceTree = "<group>";
		};
		04A38B45252E20860042FC64 /* TrainScene */ = {
			isa = PBXGroup;
			children = (
				04A38B47252E20970042FC64 /* TrainSceneView.swift */,
				04A38B46252E20970042FC64 /* TrainSceneIntent.swift */,
				04A38B48252E20970042FC64 /* TrainSceneModel.swift */,
			);
			path = TrainScene;
			sourceTree = "<group>";
		};
/* End PBXGroup section */

/* Begin PBXNativeTarget section */
		04A38B06252E1E350042FC64 /* Neuron */ = {
			isa = PBXNativeTarget;
			buildConfigurationList = 04A38B2C252E1E380042FC64 /* Build configuration list for PBXNativeTarget "Neuron" */;
			buildPhases = (
				04A38B03252E1E350042FC64 /* Sources */,
				04A38B04252E1E350042FC64 /* Frameworks */,
				04A38B05252E1E350042FC64 /* Resources */,
			);
			buildRules = (
			);
			dependencies = (
			);
			name = Neuron;
			productName = Neuron;
			productReference = 04A38B07252E1E350042FC64 /* Neuron.app */;
			productType = "com.apple.product-type.application";
		};
		04A38B17252E1E380042FC64 /* NeuronTests */ = {
			isa = PBXNativeTarget;
			buildConfigurationList = 04A38B2F252E1E380042FC64 /* Build configuration list for PBXNativeTarget "NeuronTests" */;
			buildPhases = (
				04A38B14252E1E380042FC64 /* Sources */,
				04A38B15252E1E380042FC64 /* Frameworks */,
				04A38B16252E1E380042FC64 /* Resources */,
			);
			buildRules = (
			);
			dependencies = (
				04A38B1A252E1E380042FC64 /* PBXTargetDependency */,
			);
			name = NeuronTests;
			productName = NeuronTests;
			productReference = 04A38B18252E1E380042FC64 /* NeuronTests.xctest */;
			productType = "com.apple.product-type.bundle.unit-test";
		};
		04A38B22252E1E380042FC64 /* NeuronUITests */ = {
			isa = PBXNativeTarget;
			buildConfigurationList = 04A38B32252E1E380042FC64 /* Build configuration list for PBXNativeTarget "NeuronUITests" */;
			buildPhases = (
				04A38B1F252E1E380042FC64 /* Sources */,
				04A38B20252E1E380042FC64 /* Frameworks */,
				04A38B21252E1E380042FC64 /* Resources */,
			);
			buildRules = (
			);
			dependencies = (
				04A38B25252E1E380042FC64 /* PBXTargetDependency */,
			);
			name = NeuronUITests;
			productName = NeuronUITests;
			productReference = 04A38B23252E1E380042FC64 /* NeuronUITests.xctest */;
			productType = "com.apple.product-type.bundle.ui-testing";
		};
/* End PBXNativeTarget section */

/* Begin PBXProject section */
		04A38AFF252E1E350042FC64 /* Project object */ = {
			isa = PBXProject;
			attributes = {
				LastSwiftUpdateCheck = 1200;
				LastUpgradeCheck = 1200;
				TargetAttributes = {
					04A38B06252E1E350042FC64 = {
						CreatedOnToolsVersion = 12.0.1;
					};
					04A38B17252E1E380042FC64 = {
						CreatedOnToolsVersion = 12.0.1;
						TestTargetID = 04A38B06252E1E350042FC64;
					};
					04A38B22252E1E380042FC64 = {
						CreatedOnToolsVersion = 12.0.1;
						TestTargetID = 04A38B06252E1E350042FC64;
					};
				};
			};
			buildConfigurationList = 04A38B02252E1E350042FC64 /* Build configuration list for PBXProject "Neuron" */;
			compatibilityVersion = "Xcode 9.3";
			developmentRegion = en;
			hasScannedForEncodings = 0;
			knownRegions = (
				en,
				Base,
			);
			mainGroup = 04A38AFE252E1E350042FC64;
			productRefGroup = 04A38B08252E1E350042FC64 /* Products */;
			projectDirPath = "";
			projectRoot = "";
			targets = (
				04A38B06252E1E350042FC64 /* Neuron */,
				04A38B17252E1E380042FC64 /* NeuronTests */,
				04A38B22252E1E380042FC64 /* NeuronUITests */,
			);
		};
/* End PBXProject section */

/* Begin PBXResourcesBuildPhase section */
		04A38B05252E1E350042FC64 /* Resources */ = {
			isa = PBXResourcesBuildPhase;
			buildActionMask = 2147483647;
			files = (
				04A38B12252E1E380042FC64 /* Preview Assets.xcassets in Resources */,
				04A38B0F252E1E380042FC64 /* Assets.xcassets in Resources */,
			);
			runOnlyForDeploymentPostprocessing = 0;
		};
		04A38B16252E1E380042FC64 /* Resources */ = {
			isa = PBXResourcesBuildPhase;
			buildActionMask = 2147483647;
			files = (
			);
			runOnlyForDeploymentPostprocessing = 0;
		};
		04A38B21252E1E380042FC64 /* Resources */ = {
			isa = PBXResourcesBuildPhase;
			buildActionMask = 2147483647;
			files = (
			);
			runOnlyForDeploymentPostprocessing = 0;
		};
/* End PBXResourcesBuildPhase section */

/* Begin PBXSourcesBuildPhase section */
		04A38B03252E1E350042FC64 /* Sources */ = {
			isa = PBXSourcesBuildPhase;
			buildActionMask = 2147483647;
			files = (
				04A38B3B252E1E910042FC64 /* Neuron.swift in Sources */,
				04A38B0B252E1E350042FC64 /* NeuronApp.swift in Sources */,
				04A38B4F252E20970042FC64 /* TrainSceneModel.swift in Sources */,
				04A38B49252E20970042FC64 /* TrainSceneIntent.swift in Sources */,
				04A38B4C252E20970042FC64 /* TrainSceneView.swift in Sources */,
			);
			runOnlyForDeploymentPostprocessing = 0;
		};
		04A38B14252E1E380042FC64 /* Sources */ = {
			isa = PBXSourcesBuildPhase;
			buildActionMask = 2147483647;
			files = (
				04A38B4A252E20970042FC64 /* TrainSceneIntent.swift in Sources */,
				04A38B3C252E1E910042FC64 /* Neuron.swift in Sources */,
				04A38B4D252E20970042FC64 /* TrainSceneView.swift in Sources */,
				04A38B50252E20970042FC64 /* TrainSceneModel.swift in Sources */,
				04A38B1D252E1E380042FC64 /* NeuronTests.swift in Sources */,
			);
			runOnlyForDeploymentPostprocessing = 0;
		};
		04A38B1F252E1E380042FC64 /* Sources */ = {
			isa = PBXSourcesBuildPhase;
			buildActionMask = 2147483647;
			files = (
				04A38B4B252E20970042FC64 /* TrainSceneIntent.swift in Sources */,
				04A38B3D252E1E910042FC64 /* Neuron.swift in Sources */,
				04A38B4E252E20970042FC64 /* TrainSceneView.swift in Sources */,
				04A38B51252E20970042FC64 /* TrainSceneModel.swift in Sources */,
				04A38B28252E1E380042FC64 /* NeuronUITests.swift in Sources */,
			);
			runOnlyForDeploymentPostprocessing = 0;
		};
/* End PBXSourcesBuildPhase section */

/* Begin PBXTargetDependency section */
		04A38B1A252E1E380042FC64 /* PBXTargetDependency */ = {
			isa = PBXTargetDependency;
			target = 04A38B06252E1E350042FC64 /* Neuron */;
			targetProxy = 04A38B19252E1E380042FC64 /* PBXContainerItemProxy */;
		};
		04A38B25252E1E380042FC64 /* PBXTargetDependency */ = {
			isa = PBXTargetDependency;
			target = 04A38B06252E1E350042FC64 /* Neuron */;
			targetProxy = 04A38B24252E1E380042FC64 /* PBXContainerItemProxy */;
		};
/* End PBXTargetDependency section */

/* Begin XCBuildConfiguration section */
		04A38B2A252E1E380042FC64 /* Debug */ = {
			isa = XCBuildConfiguration;
			buildSettings = {
				ALWAYS_SEARCH_USER_PATHS = NO;
				CLANG_ANALYZER_NONNULL = YES;
				CLANG_ANALYZER_NUMBER_OBJECT_CONVERSION = YES_AGGRESSIVE;
				CLANG_CXX_LANGUAGE_STANDARD = "gnu++14";
				CLANG_CXX_LIBRARY = "libc++";
				CLANG_ENABLE_MODULES = YES;
				CLANG_ENABLE_OBJC_ARC = YES;
				CLANG_ENABLE_OBJC_WEAK = YES;
				CLANG_WARN_BLOCK_CAPTURE_AUTORELEASING = YES;
				CLANG_WARN_BOOL_CONVERSION = YES;
				CLANG_WARN_COMMA = YES;
				CLANG_WARN_CONSTANT_CONVERSION = YES;
				CLANG_WARN_DEPRECATED_OBJC_IMPLEMENTATIONS = YES;
				CLANG_WARN_DIRECT_OBJC_ISA_USAGE = YES_ERROR;
				CLANG_WARN_DOCUMENTATION_COMMENTS = YES;
				CLANG_WARN_EMPTY_BODY = YES;
				CLANG_WARN_ENUM_CONVERSION = YES;
				CLANG_WARN_INFINITE_RECURSION = YES;
				CLANG_WARN_INT_CONVERSION = YES;
				CLANG_WARN_NON_LITERAL_NULL_CONVERSION = YES;
				CLANG_WARN_OBJC_IMPLICIT_RETAIN_SELF = YES;
				CLANG_WARN_OBJC_LITERAL_CONVERSION = YES;
				CLANG_WARN_OBJC_ROOT_CLASS = YES_ERROR;
				CLANG_WARN_QUOTED_INCLUDE_IN_FRAMEWORK_HEADER = YES;
				CLANG_WARN_RANGE_LOOP_ANALYSIS = YES;
				CLANG_WARN_STRICT_PROTOTYPES = YES;
				CLANG_WARN_SUSPICIOUS_MOVE = YES;
				CLANG_WARN_UNGUARDED_AVAILABILITY = YES_AGGRESSIVE;
				CLANG_WARN_UNREACHABLE_CODE = YES;
				CLANG_WARN__DUPLICATE_METHOD_MATCH = YES;
				COPY_PHASE_STRIP = NO;
				DEBUG_INFORMATION_FORMAT = dwarf;
				ENABLE_STRICT_OBJC_MSGSEND = YES;
				ENABLE_TESTABILITY = YES;
				GCC_C_LANGUAGE_STANDARD = gnu11;
				GCC_DYNAMIC_NO_PIC = NO;
				GCC_NO_COMMON_BLOCKS = YES;
				GCC_OPTIMIZATION_LEVEL = 0;
				GCC_PREPROCESSOR_DEFINITIONS = (
					"DEBUG=1",
					"$(inherited)",
				);
				GCC_WARN_64_TO_32_BIT_CONVERSION = YES;
				GCC_WARN_ABOUT_RETURN_TYPE = YES_ERROR;
				GCC_WARN_UNDECLARED_SELECTOR = YES;
				GCC_WARN_UNINITIALIZED_AUTOS = YES_AGGRESSIVE;
				GCC_WARN_UNUSED_FUNCTION = YES;
				GCC_WARN_UNUSED_VARIABLE = YES;
				IPHONEOS_DEPLOYMENT_TARGET = 14.0;
				MTL_ENABLE_DEBUG_INFO = INCLUDE_SOURCE;
				MTL_FAST_MATH = YES;
				ONLY_ACTIVE_ARCH = YES;
				SDKROOT = iphoneos;
				SWIFT_ACTIVE_COMPILATION_CONDITIONS = DEBUG;
				SWIFT_OPTIMIZATION_LEVEL = "-Onone";
			};
			name = Debug;
		};
		04A38B2B252E1E380042FC64 /* Release */ = {
			isa = XCBuildConfiguration;
			buildSettings = {
				ALWAYS_SEARCH_USER_PATHS = NO;
				CLANG_ANALYZER_NONNULL = YES;
				CLANG_ANALYZER_NUMBER_OBJECT_CONVERSION = YES_AGGRESSIVE;
				CLANG_CXX_LANGUAGE_STANDARD = "gnu++14";
				CLANG_CXX_LIBRARY = "libc++";
				CLANG_ENABLE_MODULES = YES;
				CLANG_ENABLE_OBJC_ARC = YES;
				CLANG_ENABLE_OBJC_WEAK = YES;
				CLANG_WARN_BLOCK_CAPTURE_AUTORELEASING = YES;
				CLANG_WARN_BOOL_CONVERSION = YES;
				CLANG_WARN_COMMA = YES;
				CLANG_WARN_CONSTANT_CONVERSION = YES;
				CLANG_WARN_DEPRECATED_OBJC_IMPLEMENTATIONS = YES;
				CLANG_WARN_DIRECT_OBJC_ISA_USAGE = YES_ERROR;
				CLANG_WARN_DOCUMENTATION_COMMENTS = YES;
				CLANG_WARN_EMPTY_BODY = YES;
				CLANG_WARN_ENUM_CONVERSION = YES;
				CLANG_WARN_INFINITE_RECURSION = YES;
				CLANG_WARN_INT_CONVERSION = YES;
				CLANG_WARN_NON_LITERAL_NULL_CONVERSION = YES;
				CLANG_WARN_OBJC_IMPLICIT_RETAIN_SELF = YES;
				CLANG_WARN_OBJC_LITERAL_CONVERSION = YES;
				CLANG_WARN_OBJC_ROOT_CLASS = YES_ERROR;
				CLANG_WARN_QUOTED_INCLUDE_IN_FRAMEWORK_HEADER = YES;
				CLANG_WARN_RANGE_LOOP_ANALYSIS = YES;
				CLANG_WARN_STRICT_PROTOTYPES = YES;
				CLANG_WARN_SUSPICIOUS_MOVE = YES;
				CLANG_WARN_UNGUARDED_AVAILABILITY = YES_AGGRESSIVE;
				CLANG_WARN_UNREACHABLE_CODE = YES;
				CLANG_WARN__DUPLICATE_METHOD_MATCH = YES;
				COPY_PHASE_STRIP = NO;
				DEBUG_INFORMATION_FORMAT = "dwarf-with-dsym";
				ENABLE_NS_ASSERTIONS = NO;
				ENABLE_STRICT_OBJC_MSGSEND = YES;
				GCC_C_LANGUAGE_STANDARD = gnu11;
				GCC_NO_COMMON_BLOCKS = YES;
				GCC_WARN_64_TO_32_BIT_CONVERSION = YES;
				GCC_WARN_ABOUT_RETURN_TYPE = YES_ERROR;
				GCC_WARN_UNDECLARED_SELECTOR = YES;
				GCC_WARN_UNINITIALIZED_AUTOS = YES_AGGRESSIVE;
				GCC_WARN_UNUSED_FUNCTION = YES;
				GCC_WARN_UNUSED_VARIABLE = YES;
				IPHONEOS_DEPLOYMENT_TARGET = 14.0;
				MTL_ENABLE_DEBUG_INFO = NO;
				MTL_FAST_MATH = YES;
				SDKROOT = iphoneos;
				SWIFT_COMPILATION_MODE = wholemodule;
				SWIFT_OPTIMIZATION_LEVEL = "-O";
				VALIDATE_PRODUCT = YES;
			};
			name = Release;
		};
		04A38B2D252E1E380042FC64 /* Debug */ = {
			isa = XCBuildConfiguration;
			buildSettings = {
				ASSETCATALOG_COMPILER_APPICON_NAME = AppIcon;
				ASSETCATALOG_COMPILER_GLOBAL_ACCENT_COLOR_NAME = AccentColor;
				CODE_SIGN_STYLE = Automatic;
				DEVELOPMENT_ASSET_PATHS = "\"Neuron/Preview Content\"";
				DEVELOPMENT_TEAM = Z8JVJD6M2F;
				ENABLE_PREVIEWS = YES;
				INFOPLIST_FILE = Neuron/Info.plist;
				IPHONEOS_DEPLOYMENT_TARGET = 14.0;
				LD_RUNPATH_SEARCH_PATHS = (
					"$(inherited)",
					"@executable_path/Frameworks",
				);
				PRODUCT_BUNDLE_IDENTIFIER = com.lammax.ios.study.Neuron;
				PRODUCT_NAME = "$(TARGET_NAME)";
				SWIFT_VERSION = 5.0;
				TARGETED_DEVICE_FAMILY = "1,2";
			};
			name = Debug;
		};
		04A38B2E252E1E380042FC64 /* Release */ = {
			isa = XCBuildConfiguration;
			buildSettings = {
				ASSETCATALOG_COMPILER_APPICON_NAME = AppIcon;
				ASSETCATALOG_COMPILER_GLOBAL_ACCENT_COLOR_NAME = AccentColor;
				CODE_SIGN_STYLE = Automatic;
				DEVELOPMENT_ASSET_PATHS = "\"Neuron/Preview Content\"";
				DEVELOPMENT_TEAM = Z8JVJD6M2F;
				ENABLE_PREVIEWS = YES;
				INFOPLIST_FILE = Neuron/Info.plist;
				IPHONEOS_DEPLOYMENT_TARGET = 14.0;
				LD_RUNPATH_SEARCH_PATHS = (
					"$(inherited)",
					"@executable_path/Frameworks",
				);
				PRODUCT_BUNDLE_IDENTIFIER = com.lammax.ios.study.Neuron;
				PRODUCT_NAME = "$(TARGET_NAME)";
				SWIFT_VERSION = 5.0;
				TARGETED_DEVICE_FAMILY = "1,2";
			};
			name = Release;
		};
		04A38B30252E1E380042FC64 /* Debug */ = {
			isa = XCBuildConfiguration;
			buildSettings = {
				ALWAYS_EMBED_SWIFT_STANDARD_LIBRARIES = YES;
				BUNDLE_LOADER = "$(TEST_HOST)";
				CODE_SIGN_STYLE = Automatic;
				DEVELOPMENT_TEAM = Z8JVJD6M2F;
				INFOPLIST_FILE = NeuronTests/Info.plist;
				IPHONEOS_DEPLOYMENT_TARGET = 14.0;
				LD_RUNPATH_SEARCH_PATHS = (
					"$(inherited)",
					"@executable_path/Frameworks",
					"@loader_path/Frameworks",
				);
				PRODUCT_BUNDLE_IDENTIFIER = com.lammax.ios.study.NeuronTests;
				PRODUCT_NAME = "$(TARGET_NAME)";
				SWIFT_VERSION = 5.0;
				TARGETED_DEVICE_FAMILY = "1,2";
				TEST_HOST = "$(BUILT_PRODUCTS_DIR)/Neuron.app/Neuron";
			};
			name = Debug;
		};
		04A38B31252E1E380042FC64 /* Release */ = {
			isa = XCBuildConfiguration;
			buildSettings = {
				ALWAYS_EMBED_SWIFT_STANDARD_LIBRARIES = YES;
				BUNDLE_LOADER = "$(TEST_HOST)";
				CODE_SIGN_STYLE = Automatic;
				DEVELOPMENT_TEAM = Z8JVJD6M2F;
				INFOPLIST_FILE = NeuronTests/Info.plist;
				IPHONEOS_DEPLOYMENT_TARGET = 14.0;
				LD_RUNPATH_SEARCH_PATHS = (
					"$(inherited)",
					"@executable_path/Frameworks",
					"@loader_path/Frameworks",
				);
				PRODUCT_BUNDLE_IDENTIFIER = com.lammax.ios.study.NeuronTests;
				PRODUCT_NAME = "$(TARGET_NAME)";
				SWIFT_VERSION = 5.0;
				TARGETED_DEVICE_FAMILY = "1,2";
				TEST_HOST = "$(BUILT_PRODUCTS_DIR)/Neuron.app/Neuron";
			};
			name = Release;
		};
		04A38B33252E1E380042FC64 /* Debug */ = {
			isa = XCBuildConfiguration;
			buildSettings = {
				ALWAYS_EMBED_SWIFT_STANDARD_LIBRARIES = YES;
				CODE_SIGN_STYLE = Automatic;
				DEVELOPMENT_TEAM = Z8JVJD6M2F;
				INFOPLIST_FILE = NeuronUITests/Info.plist;
				LD_RUNPATH_SEARCH_PATHS = (
					"$(inherited)",
					"@executable_path/Frameworks",
					"@loader_path/Frameworks",
				);
				PRODUCT_BUNDLE_IDENTIFIER = com.lammax.ios.study.NeuronUITests;
				PRODUCT_NAME = "$(TARGET_NAME)";
				SWIFT_VERSION = 5.0;
				TARGETED_DEVICE_FAMILY = "1,2";
				TEST_TARGET_NAME = Neuron;
			};
			name = Debug;
		};
		04A38B34252E1E380042FC64 /* Release */ = {
			isa = XCBuildConfiguration;
			buildSettings = {
				ALWAYS_EMBED_SWIFT_STANDARD_LIBRARIES = YES;
				CODE_SIGN_STYLE = Automatic;
				DEVELOPMENT_TEAM = Z8JVJD6M2F;
				INFOPLIST_FILE = NeuronUITests/Info.plist;
				LD_RUNPATH_SEARCH_PATHS = (
					"$(inherited)",
					"@executable_path/Frameworks",
					"@loader_path/Frameworks",
				);
				PRODUCT_BUNDLE_IDENTIFIER = com.lammax.ios.study.NeuronUITests;
				PRODUCT_NAME = "$(TARGET_NAME)";
				SWIFT_VERSION = 5.0;
				TARGETED_DEVICE_FAMILY = "1,2";
				TEST_TARGET_NAME = Neuron;
			};
			name = Release;
		};
/* End XCBuildConfiguration section */

/* Begin XCConfigurationList section */
		04A38B02252E1E350042FC64 /* Build configuration list for PBXProject "Neuron" */ = {
			isa = XCConfigurationList;
			buildConfigurations = (
				04A38B2A252E1E380042FC64 /* Debug */,
				04A38B2B252E1E380042FC64 /* Release */,
			);
			defaultConfigurationIsVisible = 0;
			defaultConfigurationName = Release;
		};
		04A38B2C252E1E380042FC64 /* Build configuration list for PBXNativeTarget "Neuron" */ = {
			isa = XCConfigurationList;
			buildConfigurations = (
				04A38B2D252E1E380042FC64 /* Debug */,
				04A38B2E252E1E380042FC64 /* Release */,
			);
			defaultConfigurationIsVisible = 0;
			defaultConfigurationName = Release;
		};
		04A38B2F252E1E380042FC64 /* Build configuration list for PBXNativeTarget "NeuronTests" */ = {
			isa = XCConfigurationList;
			buildConfigurations = (
				04A38B30252E1E380042FC64 /* Debug */,
				04A38B31252E1E380042FC64 /* Release */,
			);
			defaultConfigurationIsVisible = 0;
			defaultConfigurationName = Release;
		};
		04A38B32252E1E380042FC64 /* Build configuration list for PBXNativeTarget "NeuronUITests" */ = {
			isa = XCConfigurationList;
			buildConfigurations = (
				04A38B33252E1E380042FC64 /* Debug */,
				04A38B34252E1E380042FC64 /* Release */,
			);
			defaultConfigurationIsVisible = 0;
			defaultConfigurationName = Release;
		};
/* End XCConfigurationList section */
	};
	rootObject = 04A38AFF252E1E350042FC64 /* Project object */;
}
